// !$*UTF8*$!
{
	archiveVersion = 1;
	classes = {
	};
	objectVersion = 46;
	objects = {

/* Begin PBXBuildFile section */
		AB119F7D1E256FD200AAE64A /* Utilities.swift in Sources */ = {isa = PBXBuildFile; fileRef = AB119F7C1E256FD200AAE64A /* Utilities.swift */; };
		AB2FF74D1E253FDF001D5020 /* InstagramClient.swift in Sources */ = {isa = PBXBuildFile; fileRef = AB2FF74C1E253FDF001D5020 /* InstagramClient.swift */; };
		AB4CE6531E25172F008AFD4E /* AppDelegate.swift in Sources */ = {isa = PBXBuildFile; fileRef = AB4CE6521E25172F008AFD4E /* AppDelegate.swift */; };
		AB4CE6581E25172F008AFD4E /* Main.storyboard in Resources */ = {isa = PBXBuildFile; fileRef = AB4CE6561E25172F008AFD4E /* Main.storyboard */; };
		AB4CE65A1E25172F008AFD4E /* Assets.xcassets in Resources */ = {isa = PBXBuildFile; fileRef = AB4CE6591E25172F008AFD4E /* Assets.xcassets */; };
		AB4CE65D1E25172F008AFD4E /* LaunchScreen.storyboard in Resources */ = {isa = PBXBuildFile; fileRef = AB4CE65B1E25172F008AFD4E /* LaunchScreen.storyboard */; };
		AB8B8B151E251C34009C8148 /* BSWaterfallViewController.swift in Sources */ = {isa = PBXBuildFile; fileRef = AB8B8B121E251C34009C8148 /* BSWaterfallViewController.swift */; };
		AB8B8B161E251C34009C8148 /* BSWaterfallViewCell.swift in Sources */ = {isa = PBXBuildFile; fileRef = AB8B8B131E251C34009C8148 /* BSWaterfallViewCell.swift */; };
		AB8B8B171E251C34009C8148 /* MosaicCollectionViewLayout.swift in Sources */ = {isa = PBXBuildFile; fileRef = AB8B8B141E251C34009C8148 /* MosaicCollectionViewLayout.swift */; };
		AB8B8B191E251CD9009C8148 /* Picture.swift in Sources */ = {isa = PBXBuildFile; fileRef = AB8B8B181E251CD9009C8148 /* Picture.swift */; };
		C66EA3B23181DE05FE954F91 /* Pods_Sample.framework in Frameworks */ = {isa = PBXBuildFile; fileRef = D93A5B72B82F474E09D77469 /* Pods_Sample.framework */; };
/* End PBXBuildFile section */

/* Begin PBXFileReference section */
		1EAF703131534142929B050A /* Pods-Sample.release.xcconfig */ = {isa = PBXFileReference; includeInIndex = 1; lastKnownFileType = text.xcconfig; name = "Pods-Sample.release.xcconfig"; path = "Pods/Target Support Files/Pods-Sample/Pods-Sample.release.xcconfig"; sourceTree = "<group>"; };
		71C4C9DF5BD1F2834721E021 /* Pods-Sample.debug.xcconfig */ = {isa = PBXFileReference; includeInIndex = 1; lastKnownFileType = text.xcconfig; name = "Pods-Sample.debug.xcconfig"; path = "Pods/Target Support Files/Pods-Sample/Pods-Sample.debug.xcconfig"; sourceTree = "<group>"; };
		AB119F7C1E256FD200AAE64A /* Utilities.swift */ = {isa = PBXFileReference; fileEncoding = 4; lastKnownFileType = sourcecode.swift; path = Utilities.swift; sourceTree = "<group>"; };
		AB2FF74C1E253FDF001D5020 /* InstagramClient.swift */ = {isa = PBXFileReference; fileEncoding = 4; lastKnownFileType = sourcecode.swift; path = InstagramClient.swift; sourceTree = "<group>"; };
		AB4CE64F1E25172F008AFD4E /* Sample.app */ = {isa = PBXFileReference; explicitFileType = wrapper.application; includeInIndex = 0; path = Sample.app; sourceTree = BUILT_PRODUCTS_DIR; };
		AB4CE6521E25172F008AFD4E /* AppDelegate.swift */ = {isa = PBXFileReference; lastKnownFileType = sourcecode.swift; path = AppDelegate.swift; sourceTree = "<group>"; };
		AB4CE6571E25172F008AFD4E /* Base */ = {isa = PBXFileReference; lastKnownFileType = file.storyboard; name = Base; path = Base.lproj/Main.storyboard; sourceTree = "<group>"; };
		AB4CE6591E25172F008AFD4E /* Assets.xcassets */ = {isa = PBXFileReference; lastKnownFileType = folder.assetcatalog; path = Assets.xcassets; sourceTree = "<group>"; };
		AB4CE65C1E25172F008AFD4E /* Base */ = {isa = PBXFileReference; lastKnownFileType = file.storyboard; name = Base; path = Base.lproj/LaunchScreen.storyboard; sourceTree = "<group>"; };
		AB4CE65E1E25172F008AFD4E /* Info.plist */ = {isa = PBXFileReference; lastKnownFileType = text.plist.xml; path = Info.plist; sourceTree = "<group>"; };
		AB8B8B121E251C34009C8148 /* BSWaterfallViewController.swift */ = {isa = PBXFileReference; fileEncoding = 4; lastKnownFileType = sourcecode.swift; path = BSWaterfallViewController.swift; sourceTree = "<group>"; };
		AB8B8B131E251C34009C8148 /* BSWaterfallViewCell.swift */ = {isa = PBXFileReference; fileEncoding = 4; lastKnownFileType = sourcecode.swift; path = BSWaterfallViewCell.swift; sourceTree = "<group>"; };
		AB8B8B141E251C34009C8148 /* MosaicCollectionViewLayout.swift */ = {isa = PBXFileReference; fileEncoding = 4; lastKnownFileType = sourcecode.swift; path = MosaicCollectionViewLayout.swift; sourceTree = "<group>"; };
		AB8B8B181E251CD9009C8148 /* Picture.swift */ = {isa = PBXFileReference; fileEncoding = 4; lastKnownFileType = sourcecode.swift; path = Picture.swift; sourceTree = "<group>"; };
		D93A5B72B82F474E09D77469 /* Pods_Sample.framework */ = {isa = PBXFileReference; explicitFileType = wrapper.framework; includeInIndex = 0; path = Pods_Sample.framework; sourceTree = BUILT_PRODUCTS_DIR; };
/* End PBXFileReference section */

/* Begin PBXFrameworksBuildPhase section */
		AB4CE64C1E25172F008AFD4E /* Frameworks */ = {
			isa = PBXFrameworksBuildPhase;
			buildActionMask = 2147483647;
			files = (
				C66EA3B23181DE05FE954F91 /* Pods_Sample.framework in Frameworks */,
			);
			runOnlyForDeploymentPostprocessing = 0;
		};
/* End PBXFrameworksBuildPhase section */

/* Begin PBXGroup section */
		2417ED23BA10ACF258A97798 /* Pods */ = {
			isa = PBXGroup;
			children = (
				71C4C9DF5BD1F2834721E021 /* Pods-Sample.debug.xcconfig */,
				1EAF703131534142929B050A /* Pods-Sample.release.xcconfig */,
			);
			name = Pods;
			sourceTree = "<group>";
		};
		AB4CE6461E25172F008AFD4E = {
			isa = PBXGroup;
			children = (
				AB4CE6511E25172F008AFD4E /* Sample */,
				AB4CE6501E25172F008AFD4E /* Products */,
				2417ED23BA10ACF258A97798 /* Pods */,
				F526F7B0650694FDF92ABBC3 /* Frameworks */,
			);
			sourceTree = "<group>";
		};
		AB4CE6501E25172F008AFD4E /* Products */ = {
			isa = PBXGroup;
			children = (
				AB4CE64F1E25172F008AFD4E /* Sample.app */,
			);
			name = Products;
			sourceTree = "<group>";
		};
		AB4CE6511E25172F008AFD4E /* Sample */ = {
			isa = PBXGroup;
			children = (
				AB8B8B121E251C34009C8148 /* BSWaterfallViewController.swift */,
				AB8B8B131E251C34009C8148 /* BSWaterfallViewCell.swift */,
				AB8B8B141E251C34009C8148 /* MosaicCollectionViewLayout.swift */,
				AB8B8B181E251CD9009C8148 /* Picture.swift */,
				AB4CE6521E25172F008AFD4E /* AppDelegate.swift */,
				AB2FF74C1E253FDF001D5020 /* InstagramClient.swift */,
				AB119F7C1E256FD200AAE64A /* Utilities.swift */,
				AB4CE6561E25172F008AFD4E /* Main.storyboard */,
				AB4CE6591E25172F008AFD4E /* Assets.xcassets */,
				AB4CE65B1E25172F008AFD4E /* LaunchScreen.storyboard */,
				AB4CE65E1E25172F008AFD4E /* Info.plist */,
			);
			path = Sample;
			sourceTree = "<group>";
		};
		F526F7B0650694FDF92ABBC3 /* Frameworks */ = {
			isa = PBXGroup;
			children = (
				D93A5B72B82F474E09D77469 /* Pods_Sample.framework */,
			);
			name = Frameworks;
			sourceTree = "<group>";
		};
/* End PBXGroup section */

/* Begin PBXNativeTarget section */
		AB4CE64E1E25172F008AFD4E /* Sample */ = {
			isa = PBXNativeTarget;
			buildConfigurationList = AB4CE6611E25172F008AFD4E /* Build configuration list for PBXNativeTarget "Sample" */;
			buildPhases = (
				B9314692B15FC00CF9366B01 /* [CP] Check Pods Manifest.lock */,
				AB4CE64B1E25172F008AFD4E /* Sources */,
				AB4CE64C1E25172F008AFD4E /* Frameworks */,
				AB4CE64D1E25172F008AFD4E /* Resources */,
				F4351870918FEEF0038F3C89 /* [CP] Embed Pods Frameworks */,
				E039D89A7EC14CC65CE81D7E /* [CP] Copy Pods Resources */,
			);
			buildRules = (
			);
			dependencies = (
			);
			name = Sample;
			productName = Sample;
			productReference = AB4CE64F1E25172F008AFD4E /* Sample.app */;
			productType = "com.apple.product-type.application";
		};
/* End PBXNativeTarget section */

/* Begin PBXProject section */
		AB4CE6471E25172F008AFD4E /* Project object */ = {
			isa = PBXProject;
			attributes = {
				LastSwiftUpdateCheck = 0820;
				LastUpgradeCheck = 0820;
				ORGANIZATIONNAME = "Jonathan Bursztyn";
				TargetAttributes = {
					AB4CE64E1E25172F008AFD4E = {
						CreatedOnToolsVersion = 8.2;
						DevelopmentTeam = TRJS4744Z8;
						ProvisioningStyle = Automatic;
					};
				};
			};
			buildConfigurationList = AB4CE64A1E25172F008AFD4E /* Build configuration list for PBXProject "Sample" */;
			compatibilityVersion = "Xcode 3.2";
			developmentRegion = English;
			hasScannedForEncodings = 0;
			knownRegions = (
				en,
				Base,
			);
			mainGroup = AB4CE6461E25172F008AFD4E;
			productRefGroup = AB4CE6501E25172F008AFD4E /* Products */;
			projectDirPath = "";
			projectRoot = "";
			targets = (
				AB4CE64E1E25172F008AFD4E /* Sample */,
			);
		};
/* End PBXProject section */

/* Begin PBXResourcesBuildPhase section */
		AB4CE64D1E25172F008AFD4E /* Resources */ = {
			isa = PBXResourcesBuildPhase;
			buildActionMask = 2147483647;
			files = (
				AB4CE65D1E25172F008AFD4E /* LaunchScreen.storyboard in Resources */,
				AB4CE65A1E25172F008AFD4E /* Assets.xcassets in Resources */,
				AB4CE6581E25172F008AFD4E /* Main.storyboard in Resources */,
			);
			runOnlyForDeploymentPostprocessing = 0;
		};
/* End PBXResourcesBuildPhase section */

/* Begin PBXShellScriptBuildPhase section */
		B9314692B15FC00CF9366B01 /* [CP] Check Pods Manifest.lock */ = {
			isa = PBXShellScriptBuildPhase;
			buildActionMask = 2147483647;
			files = (
			);
			inputPaths = (
			);
			name = "[CP] Check Pods Manifest.lock";
			outputPaths = (
			);
			runOnlyForDeploymentPostprocessing = 0;
			shellPath = /bin/sh;
			shellScript = "diff \"${PODS_ROOT}/../Podfile.lock\" \"${PODS_ROOT}/Manifest.lock\" > /dev/null\nif [ $? != 0 ] ; then\n    # print error to STDERR\n    echo \"error: The sandbox is not in sync with the Podfile.lock. Run 'pod install' or update your CocoaPods installation.\" >&2\n    exit 1\nfi\n";
			showEnvVarsInLog = 0;
		};
		E039D89A7EC14CC65CE81D7E /* [CP] Copy Pods Resources */ = {
			isa = PBXShellScriptBuildPhase;
			buildActionMask = 2147483647;
			files = (
			);
			inputPaths = (
			);
			name = "[CP] Copy Pods Resources";
			outputPaths = (
			);
			runOnlyForDeploymentPostprocessing = 0;
			shellPath = /bin/sh;
			shellScript = "\"${SRCROOT}/Pods/Target Support Files/Pods-Sample/Pods-Sample-resources.sh\"\n";
			showEnvVarsInLog = 0;
		};
		F4351870918FEEF0038F3C89 /* [CP] Embed Pods Frameworks */ = {
			isa = PBXShellScriptBuildPhase;
			buildActionMask = 2147483647;
			files = (
			);
			inputPaths = (
			);
			name = "[CP] Embed Pods Frameworks";
			outputPaths = (
			);
			runOnlyForDeploymentPostprocessing = 0;
			shellPath = /bin/sh;
			shellScript = "\"${SRCROOT}/Pods/Target Support Files/Pods-Sample/Pods-Sample-frameworks.sh\"\n";
			showEnvVarsInLog = 0;
		};
/* End PBXShellScriptBuildPhase section */

/* Begin PBXSourcesBuildPhase section */
		AB4CE64B1E25172F008AFD4E /* Sources */ = {
			isa = PBXSourcesBuildPhase;
			buildActionMask = 2147483647;
			files = (
				AB8B8B171E251C34009C8148 /* MosaicCollectionViewLayout.swift in Sources */,
				AB8B8B191E251CD9009C8148 /* Picture.swift in Sources */,
				AB119F7D1E256FD200AAE64A /* Utilities.swift in Sources */,
				AB8B8B151E251C34009C8148 /* BSWaterfallViewController.swift in Sources */,
				AB8B8B161E251C34009C8148 /* BSWaterfallViewCell.swift in Sources */,
				AB4CE6531E25172F008AFD4E /* AppDelegate.swift in Sources */,
				AB2FF74D1E253FDF001D5020 /* InstagramClient.swift in Sources */,
			);
			runOnlyForDeploymentPostprocessing = 0;
		};
/* End PBXSourcesBuildPhase section */

/* Begin PBXVariantGroup section */
		AB4CE6561E25172F008AFD4E /* Main.storyboard */ = {
			isa = PBXVariantGroup;
			children = (
				AB4CE6571E25172F008AFD4E /* Base */,
			);
			name = Main.storyboard;
			sourceTree = "<group>";
		};
		AB4CE65B1E25172F008AFD4E /* LaunchScreen.storyboard */ = {
			isa = PBXVariantGroup;
			children = (
				AB4CE65C1E25172F008AFD4E /* Base */,
			);
			name = LaunchScreen.storyboard;
			sourceTree = "<group>";
		};
/* End PBXVariantGroup section */

/* Begin XCBuildConfiguration section */
		AB4CE65F1E25172F008AFD4E /* Debug */ = {
			isa = XCBuildConfiguration;
			buildSettings = {
				ALWAYS_SEARCH_USER_PATHS = NO;
				CLANG_ANALYZER_NONNULL = YES;
				CLANG_CXX_LANGUAGE_STANDARD = "gnu++0x";
				CLANG_CXX_LIBRARY = "libc++";
				CLANG_ENABLE_MODULES = YES;
				CLANG_ENABLE_OBJC_ARC = YES;
				CLANG_WARN_BOOL_CONVERSION = YES;
				CLANG_WARN_CONSTANT_CONVERSION = YES;
				CLANG_WARN_DIRECT_OBJC_ISA_USAGE = YES_ERROR;
				CLANG_WARN_DOCUMENTATION_COMMENTS = YES;
				CLANG_WARN_EMPTY_BODY = YES;
				CLANG_WARN_ENUM_CONVERSION = YES;
				CLANG_WARN_INFINITE_RECURSION = YES;
				CLANG_WARN_INT_CONVERSION = YES;
				CLANG_WARN_OBJC_ROOT_CLASS = YES_ERROR;
				CLANG_WARN_SUSPICIOUS_MOVE = YES;
				CLANG_WARN_UNREACHABLE_CODE = YES;
				CLANG_WARN__DUPLICATE_METHOD_MATCH = YES;
				"CODE_SIGN_IDENTITY[sdk=iphoneos*]" = "iPhone Developer";
				COPY_PHASE_STRIP = NO;
				DEBUG_INFORMATION_FORMAT = dwarf;
				ENABLE_STRICT_OBJC_MSGSEND = YES;
				ENABLE_TESTABILITY = YES;
				GCC_C_LANGUAGE_STANDARD = gnu99;
				GCC_DYNAMIC_NO_PIC = NO;
				GCC_NO_COMMON_BLOCKS = YES;
				GCC_OPTIMIZATION_LEVEL = 0;
				GCC_PREPROCESSOR_DEFINITIONS = (
					"DEBUG=1",
					"$(inherited)",
				);
				GCC_WARN_64_TO_32_BIT_CONVERSION = YES;
				GCC_WARN_ABOUT_RETURN_TYPE = YES_ERROR;
				GCC_WARN_UNDECLARED_SELECTOR = YES;
				GCC_WARN_UNINITIALIZED_AUTOS = YES_AGGRESSIVE;
				GCC_WARN_UNUSED_FUNCTION = YES;
				GCC_WARN_UNUSED_VARIABLE = YES;
				IPHONEOS_DEPLOYMENT_TARGET = 10.2;
				MTL_ENABLE_DEBUG_INFO = YES;
				ONLY_ACTIVE_ARCH = YES;
				SDKROOT = iphoneos;
				SWIFT_ACTIVE_COMPILATION_CONDITIONS = DEBUG;
				SWIFT_OPTIMIZATION_LEVEL = "-Onone";
			};
			name = Debug;
		};
		AB4CE6601E25172F008AFD4E /* Release */ = {
			isa = XCBuildConfiguration;
			buildSettings = {
				ALWAYS_SEARCH_USER_PATHS = NO;
				CLANG_ANALYZER_NONNULL = YES;
				CLANG_CXX_LANGUAGE_STANDARD = "gnu++0x";
				CLANG_CXX_LIBRARY = "libc++";
				CLANG_ENABLE_MODULES = YES;
				CLANG_ENABLE_OBJC_ARC = YES;
				CLANG_WARN_BOOL_CONVERSION = YES;
				CLANG_WARN_CONSTANT_CONVERSION = YES;
				CLANG_WARN_DIRECT_OBJC_ISA_USAGE = YES_ERROR;
				CLANG_WARN_DOCUMENTATION_COMMENTS = YES;
				CLANG_WARN_EMPTY_BODY = YES;
				CLANG_WARN_ENUM_CONVERSION = YES;
				CLANG_WARN_INFINITE_RECURSION = YES;
				CLANG_WARN_INT_CONVERSION = YES;
				CLANG_WARN_OBJC_ROOT_CLASS = YES_ERROR;
				CLANG_WARN_SUSPICIOUS_MOVE = YES;
				CLANG_WARN_UNREACHABLE_CODE = YES;
				CLANG_WARN__DUPLICATE_METHOD_MATCH = YES;
				"CODE_SIGN_IDENTITY[sdk=iphoneos*]" = "iPhone Developer";
				COPY_PHASE_STRIP = NO;
				DEBUG_INFORMATION_FORMAT = "dwarf-with-dsym";
				ENABLE_NS_ASSERTIONS = NO;
				ENABLE_STRICT_OBJC_MSGSEND = YES;
				GCC_C_LANGUAGE_STANDARD = gnu99;
				GCC_NO_COMMON_BLOCKS = YES;
				GCC_WARN_64_TO_32_BIT_CONVERSION = YES;
				GCC_WARN_ABOUT_RETURN_TYPE = YES_ERROR;
				GCC_WARN_UNDECLARED_SELECTOR = YES;
				GCC_WARN_UNINITIALIZED_AUTOS = YES_AGGRESSIVE;
				GCC_WARN_UNUSED_FUNCTION = YES;
				GCC_WARN_UNUSED_VARIABLE = YES;
				IPHONEOS_DEPLOYMENT_TARGET = 10.2;
				MTL_ENABLE_DEBUG_INFO = NO;
				SDKROOT = iphoneos;
				SWIFT_OPTIMIZATION_LEVEL = "-Owholemodule";
				VALIDATE_PRODUCT = YES;
			};
			name = Release;
		};
		AB4CE6621E25172F008AFD4E /* Debug */ = {
			isa = XCBuildConfiguration;
			baseConfigurationReference = 71C4C9DF5BD1F2834721E021 /* Pods-Sample.debug.xcconfig */;
			buildSettings = {
				ASSETCATALOG_COMPILER_APPICON_NAME = AppIcon;
				DEVELOPMENT_TEAM = TRJS4744Z8;
				INFOPLIST_FILE = Sample/Info.plist;
				LD_RUNPATH_SEARCH_PATHS = "$(inherited) @executable_path/Frameworks";
				PRODUCT_BUNDLE_IDENTIFIER = com.boardinc.Sample;
				PRODUCT_NAME = "$(TARGET_NAME)";
				SWIFT_VERSION = 3.0;
			};
			name = Debug;
		};
		AB4CE6631E25172F008AFD4E /* Release */ = {
			isa = XCBuildConfiguration;
			baseConfigurationReference = 1EAF703131534142929B050A /* Pods-Sample.release.xcconfig */;
			buildSettings = {
				ASSETCATALOG_COMPILER_APPICON_NAME = AppIcon;
				DEVELOPMENT_TEAM = TRJS4744Z8;
				INFOPLIST_FILE = Sample/Info.plist;
				LD_RUNPATH_SEARCH_PATHS = "$(inherited) @executable_path/Frameworks";
				PRODUCT_BUNDLE_IDENTIFIER = com.boardinc.Sample;
				PRODUCT_NAME = "$(TARGET_NAME)";
				SWIFT_VERSION = 3.0;
			};
			name = Release;
		};
/* End XCBuildConfiguration section */

/* Begin XCConfigurationList section */
		AB4CE64A1E25172F008AFD4E /* Build configuration list for PBXProject "Sample" */ = {
			isa = XCConfigurationList;
			buildConfigurations = (
				AB4CE65F1E25172F008AFD4E /* Debug */,
				AB4CE6601E25172F008AFD4E /* Release */,
			);
			defaultConfigurationIsVisible = 0;
			defaultConfigurationName = Release;
		};
		AB4CE6611E25172F008AFD4E /* Build configuration list for PBXNativeTarget "Sample" */ = {
			isa = XCConfigurationList;
			buildConfigurations = (
				AB4CE6621E25172F008AFD4E /* Debug */,
				AB4CE6631E25172F008AFD4E /* Release */,
			);
			defaultConfigurationIsVisible = 0;
			defaultConfigurationName = Release;
		};
/* End XCConfigurationList section */
	};
	rootObject = AB4CE6471E25172F008AFD4E /* Project object */;
}
